
Microsoft Visual Studio Solution File, Format Version 12.00
# Visual Studio Version 17
VisualStudioVersion = 17.2.32516.85
MinimumVisualStudioVersion = 10.0.40219.1
Project("{2150E333-8FDC-42A3-9474-1A3956D46DE8}") = "0 - Presentation", "0 - Presentation", "{2B128F1F-27AE-49BA-BC08-5AEE01EC39A1}"
EndProject
Project("{2150E333-8FDC-42A3-9474-1A3956D46DE8}") = "1 - Application", "1 - Application", "{BA8614ED-0F88-4D9A-AAF8-68DB6E27C1BA}"
EndProject
Project("{2150E333-8FDC-42A3-9474-1A3956D46DE8}") = "2 - Domain", "2 - Domain", "{A20F0CFA-372D-4891-9746-8FE1A5091C34}"
EndProject
Project("{2150E333-8FDC-42A3-9474-1A3956D46DE8}") = "3 - Infra", "3 - Infra", "{211185EF-9B1F-496B-85D6-0749B7F55FA9}"
EndProject
Project("{9A19103F-16F7-4668-BE54-9A1E7A4F7556}") = "FHT.Domain", "FHT.Domain\FHT.Domain.csproj", "{FD390DAC-3EB1-4B22-AFB3-D50A63CAFE81}"
EndProject
Project("{9A19103F-16F7-4668-BE54-9A1E7A4F7556}") = "FHT.Infra.CrossCutting.IoC", "FHT.Infra.CrossCutting.IoC\FHT.Infra.CrossCutting.IoC.csproj", "{AE6E24A2-2EA1-4386-A2F6-47DE6D8B17A6}"
EndProject
Project("{9A19103F-16F7-4668-BE54-9A1E7A4F7556}") = "FHT.Infra.Data.Core", "FHT.Infra.Data.Core\FHT.Infra.Data.Core.csproj", "{CB5E798A-B0DF-4747-B68D-B6898505F35D}"
EndProject
Project("{9A19103F-16F7-4668-BE54-9A1E7A4F7556}") = "FHT.Infra.Data", "FHT.Infra.Data\FHT.Infra.Data.csproj", "{56129795-2CC6-49FA-838C-E67A61454B19}"
EndProject
Project("{9A19103F-16F7-4668-BE54-9A1E7A4F7556}") = "FHT.Application.Read", "FHT.Application.Read\FHT.Application.Read.csproj", "{423397ED-745C-4AEF-9F88-ACE5031AFFFA}"
EndProject
Project("{9A19103F-16F7-4668-BE54-9A1E7A4F7556}") = "FHT.Application.Core", "FHT.Application.Core\FHT.Application.Core.csproj", "{DFEDD900-93E5-4A9E-A2EE-3AEB281EDA6A}"
EndProject
Project("{9A19103F-16F7-4668-BE54-9A1E7A4F7556}") = "FHT.Api.Core", "FHT.Api.Core\FHT.Api.Core.csproj", "{56C50E17-2EAF-41E0-AF9A-9E9DE4BD36B2}"
EndProject
Project("{9A19103F-16F7-4668-BE54-9A1E7A4F7556}") = "FHT.Api", "FHT.Api\FHT.Api.csproj", "{CEA16194-CF14-4D89-A4E6-8E9BCDE860B5}"
EndProject
Project("{9A19103F-16F7-4668-BE54-9A1E7A4F7556}") = "FHT.Infra.Seguranca", "FHT.Infra.Seguranca\FHT.Infra.Seguranca.csproj", "{A577D242-D5AC-4733-ABDD-07612B327D27}"
EndProject
Project("{FAE04EC0-301F-11D3-BF4B-00C04F79EFBC}") = "FHT.Application.Mapping", "FHT.Application.Mapping\FHT.Application.Mapping.csproj", "{49A8FADE-D12C-4EA5-AAEA-8625E00188CC}"
EndProject
Project("{FAE04EC0-301F-11D3-BF4B-00C04F79EFBC}") = "FHT.Domain.Core", "FHT.Domain.Core\FHT.Domain.Core.csproj", "{8DBF23ED-D446-7E16-F8F5-662B02D603EC}"
EndProject
Global
	GlobalSection(SolutionConfigurationPlatforms) = preSolution
		Debug|Any CPU = Debug|Any CPU
		Release|Any CPU = Release|Any CPU
	EndGlobalSection
	GlobalSection(ProjectConfigurationPlatforms) = postSolution
		{FD390DAC-3EB1-4B22-AFB3-D50A63CAFE81}.Debug|Any CPU.ActiveCfg = Debug|Any CPU
		{FD390DAC-3EB1-4B22-AFB3-D50A63CAFE81}.Debug|Any CPU.Build.0 = Debug|Any CPU
		{FD390DAC-3EB1-4B22-AFB3-D50A63CAFE81}.Release|Any CPU.ActiveCfg = Release|Any CPU
		{FD390DAC-3EB1-4B22-AFB3-D50A63CAFE81}.Release|Any CPU.Build.0 = Release|Any CPU
		{AE6E24A2-2EA1-4386-A2F6-47DE6D8B17A6}.Debug|Any CPU.ActiveCfg = Debug|Any CPU
		{AE6E24A2-2EA1-4386-A2F6-47DE6D8B17A6}.Debug|Any CPU.Build.0 = Debug|Any CPU
		{AE6E24A2-2EA1-4386-A2F6-47DE6D8B17A6}.Release|Any CPU.ActiveCfg = Release|Any CPU
		{AE6E24A2-2EA1-4386-A2F6-47DE6D8B17A6}.Release|Any CPU.Build.0 = Release|Any CPU
		{CB5E798A-B0DF-4747-B68D-B6898505F35D}.Debug|Any CPU.ActiveCfg = Debug|Any CPU
		{CB5E798A-B0DF-4747-B68D-B6898505F35D}.Debug|Any CPU.Build.0 = Debug|Any CPU
		{CB5E798A-B0DF-4747-B68D-B6898505F35D}.Release|Any CPU.ActiveCfg = Release|Any CPU
		{CB5E798A-B0DF-4747-B68D-B6898505F35D}.Release|Any CPU.Build.0 = Release|Any CPU
		{56129795-2CC6-49FA-838C-E67A61454B19}.Debug|Any CPU.ActiveCfg = Debug|Any CPU
		{56129795-2CC6-49FA-838C-E67A61454B19}.Debug|Any CPU.Build.0 = Debug|Any CPU
		{56129795-2CC6-49FA-838C-E67A61454B19}.Release|Any CPU.ActiveCfg = Release|Any CPU
		{56129795-2CC6-49FA-838C-E67A61454B19}.Release|Any CPU.Build.0 = Release|Any CPU
		{423397ED-745C-4AEF-9F88-ACE5031AFFFA}.Debug|Any CPU.ActiveCfg = Debug|Any CPU
		{423397ED-745C-4AEF-9F88-ACE5031AFFFA}.Debug|Any CPU.Build.0 = Debug|Any CPU
		{423397ED-745C-4AEF-9F88-ACE5031AFFFA}.Release|Any CPU.ActiveCfg = Release|Any CPU
		{423397ED-745C-4AEF-9F88-ACE5031AFFFA}.Release|Any CPU.Build.0 = Release|Any CPU
		{DFEDD900-93E5-4A9E-A2EE-3AEB281EDA6A}.Debug|Any CPU.ActiveCfg = Debug|Any CPU
		{DFEDD900-93E5-4A9E-A2EE-3AEB281EDA6A}.Debug|Any CPU.Build.0 = Debug|Any CPU
		{DFEDD900-93E5-4A9E-A2EE-3AEB281EDA6A}.Release|Any CPU.ActiveCfg = Release|Any CPU
		{DFEDD900-93E5-4A9E-A2EE-3AEB281EDA6A}.Release|Any CPU.Build.0 = Release|Any CPU
		{56C50E17-2EAF-41E0-AF9A-9E9DE4BD36B2}.Debug|Any CPU.ActiveCfg = Debug|Any CPU
		{56C50E17-2EAF-41E0-AF9A-9E9DE4BD36B2}.Debug|Any CPU.Build.0 = Debug|Any CPU
		{56C50E17-2EAF-41E0-AF9A-9E9DE4BD36B2}.Release|Any CPU.ActiveCfg = Release|Any CPU
		{56C50E17-2EAF-41E0-AF9A-9E9DE4BD36B2}.Release|Any CPU.Build.0 = Release|Any CPU
		{CEA16194-CF14-4D89-A4E6-8E9BCDE860B5}.Debug|Any CPU.ActiveCfg = Debug|Any CPU
		{CEA16194-CF14-4D89-A4E6-8E9BCDE860B5}.Debug|Any CPU.Build.0 = Debug|Any CPU
		{CEA16194-CF14-4D89-A4E6-8E9BCDE860B5}.Release|Any CPU.ActiveCfg = Release|Any CPU
		{CEA16194-CF14-4D89-A4E6-8E9BCDE860B5}.Release|Any CPU.Build.0 = Release|Any CPU
		{A577D242-D5AC-4733-ABDD-07612B327D27}.Debug|Any CPU.ActiveCfg = Debug|Any CPU
		{A577D242-D5AC-4733-ABDD-07612B327D27}.Debug|Any CPU.Build.0 = Debug|Any CPU
		{A577D242-D5AC-4733-ABDD-07612B327D27}.Release|Any CPU.ActiveCfg = Release|Any CPU
		{A577D242-D5AC-4733-ABDD-07612B327D27}.Release|Any CPU.Build.0 = Release|Any CPU
		{49A8FADE-D12C-4EA5-AAEA-8625E00188CC}.Debug|Any CPU.ActiveCfg = Debug|Any CPU
		{49A8FADE-D12C-4EA5-AAEA-8625E00188CC}.Debug|Any CPU.Build.0 = Debug|Any CPU
		{49A8FADE-D12C-4EA5-AAEA-8625E00188CC}.Release|Any CPU.ActiveCfg = Release|Any CPU
		{49A8FADE-D12C-4EA5-AAEA-8625E00188CC}.Release|Any CPU.Build.0 = Release|Any CPU
		{8DBF23ED-D446-7E16-F8F5-662B02D603EC}.Debug|Any CPU.ActiveCfg = Debug|Any CPU
		{8DBF23ED-D446-7E16-F8F5-662B02D603EC}.Debug|Any CPU.Build.0 = Debug|Any CPU
		{8DBF23ED-D446-7E16-F8F5-662B02D603EC}.Release|Any CPU.ActiveCfg = Release|Any CPU
		{8DBF23ED-D446-7E16-F8F5-662B02D603EC}.Release|Any CPU.Build.0 = Release|Any CPU
	EndGlobalSection
	GlobalSection(SolutionProperties) = preSolution
		HideSolutionNode = FALSE
	EndGlobalSection
	GlobalSection(NestedProjects) = preSolution
		{FD390DAC-3EB1-4B22-AFB3-D50A63CAFE81} = {A20F0CFA-372D-4891-9746-8FE1A5091C34}
		{AE6E24A2-2EA1-4386-A2F6-47DE6D8B17A6} = {211185EF-9B1F-496B-85D6-0749B7F55FA9}
		{CB5E798A-B0DF-4747-B68D-B6898505F35D} = {211185EF-9B1F-496B-85D6-0749B7F55FA9}
		{56129795-2CC6-49FA-838C-E67A61454B19} = {211185EF-9B1F-496B-85D6-0749B7F55FA9}
		{423397ED-745C-4AEF-9F88-ACE5031AFFFA} = {BA8614ED-0F88-4D9A-AAF8-68DB6E27C1BA}
		{DFEDD900-93E5-4A9E-A2EE-3AEB281EDA6A} = {BA8614ED-0F88-4D9A-AAF8-68DB6E27C1BA}
		{56C50E17-2EAF-41E0-AF9A-9E9DE4BD36B2} = {2B128F1F-27AE-49BA-BC08-5AEE01EC39A1}
		{CEA16194-CF14-4D89-A4E6-8E9BCDE860B5} = {2B128F1F-27AE-49BA-BC08-5AEE01EC39A1}
		{A577D242-D5AC-4733-ABDD-07612B327D27} = {211185EF-9B1F-496B-85D6-0749B7F55FA9}
		{49A8FADE-D12C-4EA5-AAEA-8625E00188CC} = {BA8614ED-0F88-4D9A-AAF8-68DB6E27C1BA}
		{8DBF23ED-D446-7E16-F8F5-662B02D603EC} = {A20F0CFA-372D-4891-9746-8FE1A5091C34}
	EndGlobalSection
	GlobalSection(ExtensibilityGlobals) = postSolution
		SolutionGuid = {242CB814-E0FE-4D4D-8131-A4B3F9D654F0}
	EndGlobalSection
EndGlobal
